
Microsoft Visual Studio Solution File, Format Version 12.00
Project("{2150E333-8FDC-42A3-9474-1A3956D46DE8}") = "src", "src", "{47F315E9-D95E-446A-96F8-428DBAB4D746}"
EndProject
Project("{FAE04EC0-301F-11D3-BF4B-00C04F79EFBC}") = "Durak.Api", "src\Durak.Api\Durak.Api.csproj", "{D7C6B3BF-1ACC-48BE-8A97-DD3F0DA6268B}"
EndProject
Project("{FAE04EC0-301F-11D3-BF4B-00C04F79EFBC}") = "Durak.Core", "src\Durak.Core\Durak.Core.csproj", "{54BB8FE6-AE08-4DDA-BFF8-A08CE94FA15D}"
EndProject
Project("{FAE04EC0-301F-11D3-BF4B-00C04F79EFBC}") = "Durak.Application", "src\Durak.Application\Durak.Application.csproj", "{09F003DF-41E9-4AA7-8B5F-FD8A4F1B7ED7}"
EndProject
Project("{FAE04EC0-301F-11D3-BF4B-00C04F79EFBC}") = "Durak.Infrastructure", "src\Durak.Infrastructure\Durak.Infrastructure.csproj", "{9F71ED1C-AEF2-47C3-B48F-7060FBAF08A6}"
EndProject
Project("{2150E333-8FDC-42A3-9474-1A3956D46DE8}") = "tests", "tests", "{B432CD9F-AB30-403A-9891-45E9588435F1}"
EndProject
Project("{FAE04EC0-301F-11D3-BF4B-00C04F79EFBC}") = "Durak.Core.UnitTests", "tests\Durak.Core.UnitTests\Durak.Core.UnitTests.csproj", "{396E9060-4749-4538-9328-4DE14AAD31E0}"
EndProject
Global
	GlobalSection(SolutionConfigurationPlatforms) = preSolution
		Debug|Any CPU = Debug|Any CPU
		Release|Any CPU = Release|Any CPU
	EndGlobalSection
	GlobalSection(ProjectConfigurationPlatforms) = postSolution
		{D7C6B3BF-1ACC-48BE-8A97-DD3F0DA6268B}.Debug|Any CPU.ActiveCfg = Debug|Any CPU
		{D7C6B3BF-1ACC-48BE-8A97-DD3F0DA6268B}.Debug|Any CPU.Build.0 = Debug|Any CPU
		{D7C6B3BF-1ACC-48BE-8A97-DD3F0DA6268B}.Release|Any CPU.ActiveCfg = Release|Any CPU
		{D7C6B3BF-1ACC-48BE-8A97-DD3F0DA6268B}.Release|Any CPU.Build.0 = Release|Any CPU
		{54BB8FE6-AE08-4DDA-BFF8-A08CE94FA15D}.Debug|Any CPU.ActiveCfg = Debug|Any CPU
		{54BB8FE6-AE08-4DDA-BFF8-A08CE94FA15D}.Debug|Any CPU.Build.0 = Debug|Any CPU
		{54BB8FE6-AE08-4DDA-BFF8-A08CE94FA15D}.Release|Any CPU.ActiveCfg = Release|Any CPU
		{54BB8FE6-AE08-4DDA-BFF8-A08CE94FA15D}.Release|Any CPU.Build.0 = Release|Any CPU
		{09F003DF-41E9-4AA7-8B5F-FD8A4F1B7ED7}.Debug|Any CPU.ActiveCfg = Debug|Any CPU
		{09F003DF-41E9-4AA7-8B5F-FD8A4F1B7ED7}.Debug|Any CPU.Build.0 = Debug|Any CPU
		{09F003DF-41E9-4AA7-8B5F-FD8A4F1B7ED7}.Release|Any CPU.ActiveCfg = Release|Any CPU
		{09F003DF-41E9-4AA7-8B5F-FD8A4F1B7ED7}.Release|Any CPU.Build.0 = Release|Any CPU
		{9F71ED1C-AEF2-47C3-B48F-7060FBAF08A6}.Debug|Any CPU.ActiveCfg = Debug|Any CPU
		{9F71ED1C-AEF2-47C3-B48F-7060FBAF08A6}.Debug|Any CPU.Build.0 = Debug|Any CPU
		{9F71ED1C-AEF2-47C3-B48F-7060FBAF08A6}.Release|Any CPU.ActiveCfg = Release|Any CPU
		{9F71ED1C-AEF2-47C3-B48F-7060FBAF08A6}.Release|Any CPU.Build.0 = Release|Any CPU
		{396E9060-4749-4538-9328-4DE14AAD31E0}.Debug|Any CPU.ActiveCfg = Debug|Any CPU
		{396E9060-4749-4538-9328-4DE14AAD31E0}.Debug|Any CPU.Build.0 = Debug|Any CPU
		{396E9060-4749-4538-9328-4DE14AAD31E0}.Release|Any CPU.ActiveCfg = Release|Any CPU
		{396E9060-4749-4538-9328-4DE14AAD31E0}.Release|Any CPU.Build.0 = Release|Any CPU
	EndGlobalSection
	GlobalSection(NestedProjects) = preSolution
		{D7C6B3BF-1ACC-48BE-8A97-DD3F0DA6268B} = {47F315E9-D95E-446A-96F8-428DBAB4D746}
		{54BB8FE6-AE08-4DDA-BFF8-A08CE94FA15D} = {47F315E9-D95E-446A-96F8-428DBAB4D746}
		{09F003DF-41E9-4AA7-8B5F-FD8A4F1B7ED7} = {47F315E9-D95E-446A-96F8-428DBAB4D746}
		{9F71ED1C-AEF2-47C3-B48F-7060FBAF08A6} = {47F315E9-D95E-446A-96F8-428DBAB4D746}
		{396E9060-4749-4538-9328-4DE14AAD31E0} = {B432CD9F-AB30-403A-9891-45E9588435F1}
	EndGlobalSection
EndGlobal
